
Microsoft Visual Studio Solution File, Format Version 12.00
# Visual Studio Version 17
VisualStudioVersion = 17.0.31912.275
MinimumVisualStudioVersion = 10.0.40219.1
Project("{2150E333-8FDC-42A3-9474-1A3956D46DE8}") = "Solution Items", "Solution Items", "{D5B534A5-BA94-4128-84CF-053C132E929D}"
	ProjectSection(SolutionItems) = preProject
		.editorconfig = .editorconfig
	EndProjectSection
EndProject
Project("{FAE04EC0-301F-11D3-BF4B-00C04F79EFBC}") = "WpfButtons", "WpfButtons\WpfButtons.csproj", "{56885115-7993-4260-B2BF-073579A0EC31}"
EndProject
Project("{FAE04EC0-301F-11D3-BF4B-00C04F79EFBC}") = "WpfZalaStock", "WpfZalaStock\WpfZalaStock.csproj", "{3DEF54E0-9CCB-4F48-AA52-3450671C7189}"
EndProject
Global
	GlobalSection(SolutionConfigurationPlatforms) = preSolution
		Debug|Any CPU = Debug|Any CPU
		Release|Any CPU = Release|Any CPU
	EndGlobalSection
	GlobalSection(ProjectConfigurationPlatforms) = postSolution
		{56885115-7993-4260-B2BF-073579A0EC31}.Debug|Any CPU.ActiveCfg = Debug|Any CPU
		{56885115-7993-4260-B2BF-073579A0EC31}.Debug|Any CPU.Build.0 = Debug|Any CPU
		{56885115-7993-4260-B2BF-073579A0EC31}.Release|Any CPU.ActiveCfg = Release|Any CPU
		{56885115-7993-4260-B2BF-073579A0EC31}.Release|Any CPU.Build.0 = Release|Any CPU
		{3DEF54E0-9CCB-4F48-AA52-3450671C7189}.Debug|Any CPU.ActiveCfg = Debug|Any CPU
		{3DEF54E0-9CCB-4F48-AA52-3450671C7189}.Debug|Any CPU.Build.0 = Debug|Any CPU
		{3DEF54E0-9CCB-4F48-AA52-3450671C7189}.Release|Any CPU.ActiveCfg = Release|Any CPU
		{3DEF54E0-9CCB-4F48-AA52-3450671C7189}.Release|Any CPU.Build.0 = Release|Any CPU
	EndGlobalSection
	GlobalSection(SolutionProperties) = preSolution
		HideSolutionNode = FALSE
	EndGlobalSection
	GlobalSection(ExtensibilityGlobals) = postSolution
		SolutionGuid = {4CB8FA44-776E-4451-9D21-8C95DAFD1331}
	EndGlobalSection
EndGlobal
