
Microsoft Visual Studio Solution File, Format Version 12.00
# Visual Studio Version 17
VisualStudioVersion = 17.0.31912.275
MinimumVisualStudioVersion = 10.0.40219.1
Project("{2150E333-8FDC-42A3-9474-1A3956D46DE8}") = "Solution Items", "Solution Items", "{7E572ACA-748F-4422-B59B-53A965F601F5}"
	ProjectSection(SolutionItems) = preProject
		.editorconfig = .editorconfig
	EndProjectSection
EndProject
Project("{FAE04EC0-301F-11D3-BF4B-00C04F79EFBC}") = "ConsoleComplexiteit", "ConsoleComplexiteit\ConsoleComplexiteit.csproj", "{872DE225-75E3-45C2-9D5E-D690A475EBB0}"
EndProject
Project("{FAE04EC0-301F-11D3-BF4B-00C04F79EFBC}") = "WpfComplexiteit", "WpfComplexiteit\WpfComplexiteit.csproj", "{C87CE9FD-22BF-4CAF-810B-422177EBD84E}"
EndProject
Project("{FAE04EC0-301F-11D3-BF4B-00C04F79EFBC}") = "WpfTaken", "WpfTaken\WpfTaken.csproj", "{14B5C5AF-5C55-4788-9F0B-81F7DD9688ED}"
EndProject
Global
	GlobalSection(SolutionConfigurationPlatforms) = preSolution
		Debug|Any CPU = Debug|Any CPU
		Release|Any CPU = Release|Any CPU
	EndGlobalSection
	GlobalSection(ProjectConfigurationPlatforms) = postSolution
		{872DE225-75E3-45C2-9D5E-D690A475EBB0}.Debug|Any CPU.ActiveCfg = Debug|Any CPU
		{872DE225-75E3-45C2-9D5E-D690A475EBB0}.Debug|Any CPU.Build.0 = Debug|Any CPU
		{872DE225-75E3-45C2-9D5E-D690A475EBB0}.Release|Any CPU.ActiveCfg = Release|Any CPU
		{872DE225-75E3-45C2-9D5E-D690A475EBB0}.Release|Any CPU.Build.0 = Release|Any CPU
		{C87CE9FD-22BF-4CAF-810B-422177EBD84E}.Debug|Any CPU.ActiveCfg = Debug|Any CPU
		{C87CE9FD-22BF-4CAF-810B-422177EBD84E}.Debug|Any CPU.Build.0 = Debug|Any CPU
		{C87CE9FD-22BF-4CAF-810B-422177EBD84E}.Release|Any CPU.ActiveCfg = Release|Any CPU
		{C87CE9FD-22BF-4CAF-810B-422177EBD84E}.Release|Any CPU.Build.0 = Release|Any CPU
		{14B5C5AF-5C55-4788-9F0B-81F7DD9688ED}.Debug|Any CPU.ActiveCfg = Debug|Any CPU
		{14B5C5AF-5C55-4788-9F0B-81F7DD9688ED}.Debug|Any CPU.Build.0 = Debug|Any CPU
		{14B5C5AF-5C55-4788-9F0B-81F7DD9688ED}.Release|Any CPU.ActiveCfg = Release|Any CPU
		{14B5C5AF-5C55-4788-9F0B-81F7DD9688ED}.Release|Any CPU.Build.0 = Release|Any CPU
	EndGlobalSection
	GlobalSection(SolutionProperties) = preSolution
		HideSolutionNode = FALSE
	EndGlobalSection
	GlobalSection(NestedProjects) = preSolution
		{872DE225-75E3-45C2-9D5E-D690A475EBB0} = {7E572ACA-748F-4422-B59B-53A965F601F5}
		{C87CE9FD-22BF-4CAF-810B-422177EBD84E} = {7E572ACA-748F-4422-B59B-53A965F601F5}
		{14B5C5AF-5C55-4788-9F0B-81F7DD9688ED} = {7E572ACA-748F-4422-B59B-53A965F601F5}
	EndGlobalSection
	GlobalSection(ExtensibilityGlobals) = postSolution
		SolutionGuid = {D2057836-93D3-42B2-B417-C462FBD4B347}
	EndGlobalSection
EndGlobal
